Microsoft Visual Studio Solution File, Format Version 11.00
# Visual Studio 2008

Project("{C4C3419A-5D7C-3F97-681C-F3432561FB57}") = "Priests and Devils_2", "Assembly-CSharp.csproj", "{5A933333-AC07-C948-F81F-2D71CF42A6DB}"
EndProject
Global
	GlobalSection(SolutionConfigurationPlatforms) = preSolution
		Debug|Any CPU = Debug|Any CPU
		Release|Any CPU = Release|Any CPU
	EndGlobalSection
	GlobalSection(ProjectConfigurationPlatforms) = postSolution
		{5A933333-AC07-C948-F81F-2D71CF42A6DB}.Debug|Any CPU.ActiveCfg = Debug|Any CPU
		{5A933333-AC07-C948-F81F-2D71CF42A6DB}.Debug|Any CPU.Build.0 = Debug|Any CPU
		{5A933333-AC07-C948-F81F-2D71CF42A6DB}.Release|Any CPU.ActiveCfg = Release|Any CPU
		{5A933333-AC07-C948-F81F-2D71CF42A6DB}.Release|Any CPU.Build.0 = Release|Any CPU
	EndGlobalSection
	GlobalSection(SolutionProperties) = preSolution
		HideSolutionNode = FALSE
	EndGlobalSection
	GlobalSection(MonoDevelopProperties) = preSolution
		StartupItem = Assembly-CSharp.csproj
	EndGlobalSection
EndGlobal
